
Microsoft Visual Studio Solution File, Format Version 12.00
# Visual Studio Version 17
VisualStudioVersion = 17.5.33516.290
MinimumVisualStudioVersion = 10.0.40219.1
Project("{FAE04EC0-301F-11D3-BF4B-00C04F79EFBC}") = "Telephone", "Telephone\Telephone.csproj", "{A648FF23-ACA5-48BE-918B-2658EB742755}"
EndProject
Global
	GlobalSection(SolutionConfigurationPlatforms) = preSolution
		Debug|Any CPU = Debug|Any CPU
		Release|Any CPU = Release|Any CPU
	EndGlobalSection
	GlobalSection(ProjectConfigurationPlatforms) = postSolution
		{A648FF23-ACA5-48BE-918B-2658EB742755}.Debug|Any CPU.ActiveCfg = Debug|Any CPU
		{A648FF23-ACA5-48BE-918B-2658EB742755}.Debug|Any CPU.Build.0 = Debug|Any CPU
		{A648FF23-ACA5-48BE-918B-2658EB742755}.Release|Any CPU.ActiveCfg = Release|Any CPU
		{A648FF23-ACA5-48BE-918B-2658EB742755}.Release|Any CPU.Build.0 = Release|Any CPU
	EndGlobalSection
	GlobalSection(SolutionProperties) = preSolution
		HideSolutionNode = FALSE
	EndGlobalSection
	GlobalSection(ExtensibilityGlobals) = postSolution
		SolutionGuid = {713750B2-6F15-4CB1-9EA4-5522D0FA3918}
	EndGlobalSection
EndGlobal
