
Microsoft Visual Studio Solution File, Format Version 12.00
# Visual Studio Version 17
VisualStudioVersion = 17.5.33516.290
MinimumVisualStudioVersion = 10.0.40219.1
Project("{FAE04EC0-301F-11D3-BF4B-00C04F79EFBC}") = "Program2", "Program2\Program2.csproj", "{F56F18B1-758C-4C31-BDB9-371DA8A933E1}"
EndProject
Global
	GlobalSection(SolutionConfigurationPlatforms) = preSolution
		Debug|Any CPU = Debug|Any CPU
		Release|Any CPU = Release|Any CPU
	EndGlobalSection
	GlobalSection(ProjectConfigurationPlatforms) = postSolution
		{F56F18B1-758C-4C31-BDB9-371DA8A933E1}.Debug|Any CPU.ActiveCfg = Debug|Any CPU
		{F56F18B1-758C-4C31-BDB9-371DA8A933E1}.Debug|Any CPU.Build.0 = Debug|Any CPU
		{F56F18B1-758C-4C31-BDB9-371DA8A933E1}.Release|Any CPU.ActiveCfg = Release|Any CPU
		{F56F18B1-758C-4C31-BDB9-371DA8A933E1}.Release|Any CPU.Build.0 = Release|Any CPU
	EndGlobalSection
	GlobalSection(SolutionProperties) = preSolution
		HideSolutionNode = FALSE
	EndGlobalSection
	GlobalSection(ExtensibilityGlobals) = postSolution
		SolutionGuid = {01E3B063-79A6-4E5D-8116-10D2CFCF26F2}
	EndGlobalSection
EndGlobal
