
Microsoft Visual Studio Solution File, Format Version 12.00
# Visual Studio Version 17
VisualStudioVersion = 17.5.33516.290
MinimumVisualStudioVersion = 10.0.40219.1
Project("{FAE04EC0-301F-11D3-BF4B-00C04F79EFBC}") = "Abstraction", "Abstraction\Abstraction.csproj", "{2C7BC81E-2036-4FCF-8899-6130BA803F27}"
EndProject
Global
	GlobalSection(SolutionConfigurationPlatforms) = preSolution
		Debug|Any CPU = Debug|Any CPU
		Release|Any CPU = Release|Any CPU
	EndGlobalSection
	GlobalSection(ProjectConfigurationPlatforms) = postSolution
		{2C7BC81E-2036-4FCF-8899-6130BA803F27}.Debug|Any CPU.ActiveCfg = Debug|Any CPU
		{2C7BC81E-2036-4FCF-8899-6130BA803F27}.Debug|Any CPU.Build.0 = Debug|Any CPU
		{2C7BC81E-2036-4FCF-8899-6130BA803F27}.Release|Any CPU.ActiveCfg = Release|Any CPU
		{2C7BC81E-2036-4FCF-8899-6130BA803F27}.Release|Any CPU.Build.0 = Release|Any CPU
	EndGlobalSection
	GlobalSection(SolutionProperties) = preSolution
		HideSolutionNode = FALSE
	EndGlobalSection
	GlobalSection(ExtensibilityGlobals) = postSolution
		SolutionGuid = {3344C2CD-DF54-4EB8-9DB0-BCE3DF5E9852}
	EndGlobalSection
EndGlobal
