
Microsoft Visual Studio Solution File, Format Version 12.00
# Visual Studio Version 17
VisualStudioVersion = 17.5.33516.290
MinimumVisualStudioVersion = 10.0.40219.1
Project("{FAE04EC0-301F-11D3-BF4B-00C04F79EFBC}") = "Count strings", "Count strings\Count strings.csproj", "{D64A1698-B39A-4F78-A105-8309126BA504}"
EndProject
Global
	GlobalSection(SolutionConfigurationPlatforms) = preSolution
		Debug|Any CPU = Debug|Any CPU
		Release|Any CPU = Release|Any CPU
	EndGlobalSection
	GlobalSection(ProjectConfigurationPlatforms) = postSolution
		{D64A1698-B39A-4F78-A105-8309126BA504}.Debug|Any CPU.ActiveCfg = Debug|Any CPU
		{D64A1698-B39A-4F78-A105-8309126BA504}.Debug|Any CPU.Build.0 = Debug|Any CPU
		{D64A1698-B39A-4F78-A105-8309126BA504}.Release|Any CPU.ActiveCfg = Release|Any CPU
		{D64A1698-B39A-4F78-A105-8309126BA504}.Release|Any CPU.Build.0 = Release|Any CPU
	EndGlobalSection
	GlobalSection(SolutionProperties) = preSolution
		HideSolutionNode = FALSE
	EndGlobalSection
	GlobalSection(ExtensibilityGlobals) = postSolution
		SolutionGuid = {9ECFA109-A01C-4D23-94CB-AB8CB564FCAE}
	EndGlobalSection
EndGlobal
