
Microsoft Visual Studio Solution File, Format Version 12.00
# Visual Studio Version 17
VisualStudioVersion = 17.5.33516.290
MinimumVisualStudioVersion = 10.0.40219.1
Project("{FAE04EC0-301F-11D3-BF4B-00C04F79EFBC}") = "ExceptionHandling", "ExceptionHandling\ExceptionHandling.csproj", "{4D210CC6-C5E1-438E-A3B1-CDD2CC3E3581}"
EndProject
Global
	GlobalSection(SolutionConfigurationPlatforms) = preSolution
		Debug|Any CPU = Debug|Any CPU
		Release|Any CPU = Release|Any CPU
	EndGlobalSection
	GlobalSection(ProjectConfigurationPlatforms) = postSolution
		{4D210CC6-C5E1-438E-A3B1-CDD2CC3E3581}.Debug|Any CPU.ActiveCfg = Debug|Any CPU
		{4D210CC6-C5E1-438E-A3B1-CDD2CC3E3581}.Debug|Any CPU.Build.0 = Debug|Any CPU
		{4D210CC6-C5E1-438E-A3B1-CDD2CC3E3581}.Release|Any CPU.ActiveCfg = Release|Any CPU
		{4D210CC6-C5E1-438E-A3B1-CDD2CC3E3581}.Release|Any CPU.Build.0 = Release|Any CPU
	EndGlobalSection
	GlobalSection(SolutionProperties) = preSolution
		HideSolutionNode = FALSE
	EndGlobalSection
	GlobalSection(ExtensibilityGlobals) = postSolution
		SolutionGuid = {22A030A4-27A6-4FBE-8F24-1F169C5F6EE9}
	EndGlobalSection
EndGlobal
