
Microsoft Visual Studio Solution File, Format Version 12.00
# Visual Studio Version 17
VisualStudioVersion = 17.5.33516.290
MinimumVisualStudioVersion = 10.0.40219.1
Project("{FAE04EC0-301F-11D3-BF4B-00C04F79EFBC}") = "Song", "Song\Song.csproj", "{D2A2AA38-9AFE-436D-9F0D-72540B703A55}"
EndProject
Project("{FAE04EC0-301F-11D3-BF4B-00C04F79EFBC}") = "Requirement3", "Requirement3\Requirement3.csproj", "{589D99AF-DD82-4B3C-A686-14E3A544B414}"
EndProject
Project("{FAE04EC0-301F-11D3-BF4B-00C04F79EFBC}") = "Requirement4", "Requirement4\Requirement4.csproj", "{77E72F9F-BF8B-40A6-813A-995FB2B5FF56}"
EndProject
Project("{FAE04EC0-301F-11D3-BF4B-00C04F79EFBC}") = "Requirement1", "Requirement1\Requirement1.csproj", "{CEF57324-BB4C-4167-9248-586EB5DF1DE5}"
EndProject
Project("{FAE04EC0-301F-11D3-BF4B-00C04F79EFBC}") = "Requirement5", "Requirement5\Requirement5.csproj", "{9E32A2DA-3450-40D5-80C1-196A0F6D5DBB}"
EndProject
Global
	GlobalSection(SolutionConfigurationPlatforms) = preSolution
		Debug|Any CPU = Debug|Any CPU
		Release|Any CPU = Release|Any CPU
	EndGlobalSection
	GlobalSection(ProjectConfigurationPlatforms) = postSolution
		{D2A2AA38-9AFE-436D-9F0D-72540B703A55}.Debug|Any CPU.ActiveCfg = Debug|Any CPU
		{D2A2AA38-9AFE-436D-9F0D-72540B703A55}.Debug|Any CPU.Build.0 = Debug|Any CPU
		{D2A2AA38-9AFE-436D-9F0D-72540B703A55}.Release|Any CPU.ActiveCfg = Release|Any CPU
		{D2A2AA38-9AFE-436D-9F0D-72540B703A55}.Release|Any CPU.Build.0 = Release|Any CPU
		{589D99AF-DD82-4B3C-A686-14E3A544B414}.Debug|Any CPU.ActiveCfg = Debug|Any CPU
		{589D99AF-DD82-4B3C-A686-14E3A544B414}.Debug|Any CPU.Build.0 = Debug|Any CPU
		{589D99AF-DD82-4B3C-A686-14E3A544B414}.Release|Any CPU.ActiveCfg = Release|Any CPU
		{589D99AF-DD82-4B3C-A686-14E3A544B414}.Release|Any CPU.Build.0 = Release|Any CPU
		{77E72F9F-BF8B-40A6-813A-995FB2B5FF56}.Debug|Any CPU.ActiveCfg = Debug|Any CPU
		{77E72F9F-BF8B-40A6-813A-995FB2B5FF56}.Debug|Any CPU.Build.0 = Debug|Any CPU
		{77E72F9F-BF8B-40A6-813A-995FB2B5FF56}.Release|Any CPU.ActiveCfg = Release|Any CPU
		{77E72F9F-BF8B-40A6-813A-995FB2B5FF56}.Release|Any CPU.Build.0 = Release|Any CPU
		{CEF57324-BB4C-4167-9248-586EB5DF1DE5}.Debug|Any CPU.ActiveCfg = Debug|Any CPU
		{CEF57324-BB4C-4167-9248-586EB5DF1DE5}.Debug|Any CPU.Build.0 = Debug|Any CPU
		{CEF57324-BB4C-4167-9248-586EB5DF1DE5}.Release|Any CPU.ActiveCfg = Release|Any CPU
		{CEF57324-BB4C-4167-9248-586EB5DF1DE5}.Release|Any CPU.Build.0 = Release|Any CPU
		{9E32A2DA-3450-40D5-80C1-196A0F6D5DBB}.Debug|Any CPU.ActiveCfg = Debug|Any CPU
		{9E32A2DA-3450-40D5-80C1-196A0F6D5DBB}.Debug|Any CPU.Build.0 = Debug|Any CPU
		{9E32A2DA-3450-40D5-80C1-196A0F6D5DBB}.Release|Any CPU.ActiveCfg = Release|Any CPU
		{9E32A2DA-3450-40D5-80C1-196A0F6D5DBB}.Release|Any CPU.Build.0 = Release|Any CPU
	EndGlobalSection
	GlobalSection(SolutionProperties) = preSolution
		HideSolutionNode = FALSE
	EndGlobalSection
	GlobalSection(ExtensibilityGlobals) = postSolution
		SolutionGuid = {21F7E772-501F-452B-9F51-FF253BDFE9AD}
	EndGlobalSection
EndGlobal
