
Microsoft Visual Studio Solution File, Format Version 12.00
# Visual Studio Version 17
VisualStudioVersion = 17.5.33516.290
MinimumVisualStudioVersion = 10.0.40219.1
Project("{FAE04EC0-301F-11D3-BF4B-00C04F79EFBC}") = "Question1", "Question1\Question1.csproj", "{90E5341E-BC8D-485C-940F-BC3835EC9650}"
EndProject
Global
	GlobalSection(SolutionConfigurationPlatforms) = preSolution
		Debug|Any CPU = Debug|Any CPU
		Release|Any CPU = Release|Any CPU
	EndGlobalSection
	GlobalSection(ProjectConfigurationPlatforms) = postSolution
		{90E5341E-BC8D-485C-940F-BC3835EC9650}.Debug|Any CPU.ActiveCfg = Debug|Any CPU
		{90E5341E-BC8D-485C-940F-BC3835EC9650}.Debug|Any CPU.Build.0 = Debug|Any CPU
		{90E5341E-BC8D-485C-940F-BC3835EC9650}.Release|Any CPU.ActiveCfg = Release|Any CPU
		{90E5341E-BC8D-485C-940F-BC3835EC9650}.Release|Any CPU.Build.0 = Release|Any CPU
	EndGlobalSection
	GlobalSection(SolutionProperties) = preSolution
		HideSolutionNode = FALSE
	EndGlobalSection
	GlobalSection(ExtensibilityGlobals) = postSolution
		SolutionGuid = {2866B8D7-70A7-49F3-967F-1D1E2102078D}
	EndGlobalSection
EndGlobal
