
Microsoft Visual Studio Solution File, Format Version 12.00
# Visual Studio Version 17
VisualStudioVersion = 17.5.33516.290
MinimumVisualStudioVersion = 10.0.40219.1
Project("{FAE04EC0-301F-11D3-BF4B-00C04F79EFBC}") = "BasicMath1", "BasicMath1\BasicMath1.csproj", "{AFD185D4-FA95-4BE0-A3C1-D5E6E9ED09B5}"
EndProject
Project("{FAE04EC0-301F-11D3-BF4B-00C04F79EFBC}") = "UnitTestProject1", "UnitTestProject1\UnitTestProject1.csproj", "{AB3530E2-E7B0-4483-A797-F561EDB91614}"
EndProject
Global
	GlobalSection(SolutionConfigurationPlatforms) = preSolution
		Debug|Any CPU = Debug|Any CPU
		Release|Any CPU = Release|Any CPU
	EndGlobalSection
	GlobalSection(ProjectConfigurationPlatforms) = postSolution
		{AFD185D4-FA95-4BE0-A3C1-D5E6E9ED09B5}.Debug|Any CPU.ActiveCfg = Debug|Any CPU
		{AFD185D4-FA95-4BE0-A3C1-D5E6E9ED09B5}.Debug|Any CPU.Build.0 = Debug|Any CPU
		{AFD185D4-FA95-4BE0-A3C1-D5E6E9ED09B5}.Release|Any CPU.ActiveCfg = Release|Any CPU
		{AFD185D4-FA95-4BE0-A3C1-D5E6E9ED09B5}.Release|Any CPU.Build.0 = Release|Any CPU
		{AB3530E2-E7B0-4483-A797-F561EDB91614}.Debug|Any CPU.ActiveCfg = Debug|Any CPU
		{AB3530E2-E7B0-4483-A797-F561EDB91614}.Debug|Any CPU.Build.0 = Debug|Any CPU
		{AB3530E2-E7B0-4483-A797-F561EDB91614}.Release|Any CPU.ActiveCfg = Release|Any CPU
		{AB3530E2-E7B0-4483-A797-F561EDB91614}.Release|Any CPU.Build.0 = Release|Any CPU
	EndGlobalSection
	GlobalSection(SolutionProperties) = preSolution
		HideSolutionNode = FALSE
	EndGlobalSection
	GlobalSection(ExtensibilityGlobals) = postSolution
		SolutionGuid = {C33F38FC-DA21-4AC8-BD2C-F7834733A16F}
	EndGlobalSection
EndGlobal
